
Microsoft Visual Studio Solution File, Format Version 12.00
# Visual Studio Version 17
VisualStudioVersion = 17.1.32210.238
MinimumVisualStudioVersion = 10.0.40219.1
Project("{9A19103F-16F7-4668-BE54-9A1E7A4F7556}") = "PreventDeskTool", "PreventDeskTool.csproj", "{0B4208AE-8739-4000-B8AD-8E218722E675}"
EndProject
Project("{2150E333-8FDC-42A3-9474-1A3956D46DE8}") = "Solution Items", "Solution Items", "{9EA67A37-7DE9-43C0-9374-50B8D79C1F0A}"
	ProjectSection(SolutionItems) = preProject
		.editorconfig = .editorconfig
	EndProjectSection
EndProject
Global
	GlobalSection(SolutionConfigurationPlatforms) = preSolution
		Debug|Any CPU = Debug|Any CPU
		Release|Any CPU = Release|Any CPU
	EndGlobalSection
	GlobalSection(ProjectConfigurationPlatforms) = postSolution
		{0B4208AE-8739-4000-B8AD-8E218722E675}.Debug|Any CPU.ActiveCfg = Debug|Any CPU
		{0B4208AE-8739-4000-B8AD-8E218722E675}.Debug|Any CPU.Build.0 = Debug|Any CPU
		{0B4208AE-8739-4000-B8AD-8E218722E675}.Release|Any CPU.ActiveCfg = Release|Any CPU
		{0B4208AE-8739-4000-B8AD-8E218722E675}.Release|Any CPU.Build.0 = Release|Any CPU
	EndGlobalSection
	GlobalSection(SolutionProperties) = preSolution
		HideSolutionNode = FALSE
	EndGlobalSection
	GlobalSection(ExtensibilityGlobals) = postSolution
		SolutionGuid = {14F67E05-2D25-45E7-BD6E-A29A2CCE58F7}
	EndGlobalSection
EndGlobal
